
Microsoft Visual Studio Solution File, Format Version 12.00
# Visual Studio Version 16
VisualStudioVersion = 16.0.31613.86
MinimumVisualStudioVersion = 10.0.40219.1
Project("{FAE04EC0-301F-11D3-BF4B-00C04F79EFBC}") = "mascota", "mascota\mascota.csproj", "{2658FEF5-5547-424F-9BBD-B9173E74EDDC}"
EndProject
Global
	GlobalSection(SolutionConfigurationPlatforms) = preSolution
		Debug|Any CPU = Debug|Any CPU
		Release|Any CPU = Release|Any CPU
	EndGlobalSection
	GlobalSection(ProjectConfigurationPlatforms) = postSolution
		{2658FEF5-5547-424F-9BBD-B9173E74EDDC}.Debug|Any CPU.ActiveCfg = Debug|Any CPU
		{2658FEF5-5547-424F-9BBD-B9173E74EDDC}.Debug|Any CPU.Build.0 = Debug|Any CPU
		{2658FEF5-5547-424F-9BBD-B9173E74EDDC}.Release|Any CPU.ActiveCfg = Release|Any CPU
		{2658FEF5-5547-424F-9BBD-B9173E74EDDC}.Release|Any CPU.Build.0 = Release|Any CPU
	EndGlobalSection
	GlobalSection(SolutionProperties) = preSolution
		HideSolutionNode = FALSE
	EndGlobalSection
	GlobalSection(ExtensibilityGlobals) = postSolution
		SolutionGuid = {882C0A7A-65D9-4667-AEAD-76F264B56396}
	EndGlobalSection
EndGlobal
