
Microsoft Visual Studio Solution File, Format Version 12.00
# Visual Studio Version 16
VisualStudioVersion = 16.0.31613.86
MinimumVisualStudioVersion = 10.0.40219.1
Project("{FAE04EC0-301F-11D3-BF4B-00C04F79EFBC}") = "cuadradoCubo", "cuadradoCubo\cuadradoCubo.csproj", "{0946289B-2F3B-4647-A087-EA1506C4BF56}"
EndProject
Global
	GlobalSection(SolutionConfigurationPlatforms) = preSolution
		Debug|Any CPU = Debug|Any CPU
		Release|Any CPU = Release|Any CPU
	EndGlobalSection
	GlobalSection(ProjectConfigurationPlatforms) = postSolution
		{0946289B-2F3B-4647-A087-EA1506C4BF56}.Debug|Any CPU.ActiveCfg = Debug|Any CPU
		{0946289B-2F3B-4647-A087-EA1506C4BF56}.Debug|Any CPU.Build.0 = Debug|Any CPU
		{0946289B-2F3B-4647-A087-EA1506C4BF56}.Release|Any CPU.ActiveCfg = Release|Any CPU
		{0946289B-2F3B-4647-A087-EA1506C4BF56}.Release|Any CPU.Build.0 = Release|Any CPU
	EndGlobalSection
	GlobalSection(SolutionProperties) = preSolution
		HideSolutionNode = FALSE
	EndGlobalSection
	GlobalSection(ExtensibilityGlobals) = postSolution
		SolutionGuid = {30D1DC39-B170-4E2D-AD38-CD01DC49C6A9}
	EndGlobalSection
EndGlobal
