
Microsoft Visual Studio Solution File, Format Version 12.00
# Visual Studio Version 16
VisualStudioVersion = 16.0.31613.86
MinimumVisualStudioVersion = 10.0.40219.1
Project("{FAE04EC0-301F-11D3-BF4B-00C04F79EFBC}") = "helloWorldProgra1", "helloWorldProgra1\helloWorldProgra1.csproj", "{5869B1C8-352D-4A5A-97C0-3D8B815EAB3E}"
EndProject
Global
	GlobalSection(SolutionConfigurationPlatforms) = preSolution
		Debug|Any CPU = Debug|Any CPU
		Release|Any CPU = Release|Any CPU
	EndGlobalSection
	GlobalSection(ProjectConfigurationPlatforms) = postSolution
		{5869B1C8-352D-4A5A-97C0-3D8B815EAB3E}.Debug|Any CPU.ActiveCfg = Debug|Any CPU
		{5869B1C8-352D-4A5A-97C0-3D8B815EAB3E}.Debug|Any CPU.Build.0 = Debug|Any CPU
		{5869B1C8-352D-4A5A-97C0-3D8B815EAB3E}.Release|Any CPU.ActiveCfg = Release|Any CPU
		{5869B1C8-352D-4A5A-97C0-3D8B815EAB3E}.Release|Any CPU.Build.0 = Release|Any CPU
	EndGlobalSection
	GlobalSection(SolutionProperties) = preSolution
		HideSolutionNode = FALSE
	EndGlobalSection
	GlobalSection(ExtensibilityGlobals) = postSolution
		SolutionGuid = {6782A069-980B-407D-895A-3AC8C02E8D04}
	EndGlobalSection
EndGlobal
